
Microsoft Visual Studio Solution File, Format Version 12.00
# Visual Studio 15
VisualStudioVersion = 15.0.27130.2027
MinimumVisualStudioVersion = 10.0.40219.1
Project("{9A19103F-16F7-4668-BE54-9A1E7A4F7556}") = "Pivet", "Pivet\Pivet.csproj", "{DBD42892-7680-420C-8D2F-26F4FD9EEBAF}"
EndProject
Project("{FAE04EC0-301F-11D3-BF4B-00C04F79EFBC}") = "SamplePlugin", "SamplePlugin\SamplePlugin.csproj", "{1EF727B7-FFF9-46D3-9049-55E4CE7E4FB9}"
EndProject
Global
	GlobalSection(SolutionConfigurationPlatforms) = preSolution
		Debug|Any CPU = Debug|Any CPU
		Release|Any CPU = Release|Any CPU
	EndGlobalSection
	GlobalSection(ProjectConfigurationPlatforms) = postSolution
		{DBD42892-7680-420C-8D2F-26F4FD9EEBAF}.Debug|Any CPU.ActiveCfg = Debug|Any CPU
		{DBD42892-7680-420C-8D2F-26F4FD9EEBAF}.Debug|Any CPU.Build.0 = Debug|Any CPU
		{DBD42892-7680-420C-8D2F-26F4FD9EEBAF}.Release|Any CPU.ActiveCfg = Release|Any CPU
		{DBD42892-7680-420C-8D2F-26F4FD9EEBAF}.Release|Any CPU.Build.0 = Release|Any CPU
		{1EF727B7-FFF9-46D3-9049-55E4CE7E4FB9}.Debug|Any CPU.ActiveCfg = Debug|Any CPU
		{1EF727B7-FFF9-46D3-9049-55E4CE7E4FB9}.Debug|Any CPU.Build.0 = Debug|Any CPU
		{1EF727B7-FFF9-46D3-9049-55E4CE7E4FB9}.Release|Any CPU.ActiveCfg = Release|Any CPU
		{1EF727B7-FFF9-46D3-9049-55E4CE7E4FB9}.Release|Any CPU.Build.0 = Release|Any CPU
	EndGlobalSection
	GlobalSection(SolutionProperties) = preSolution
		HideSolutionNode = FALSE
	EndGlobalSection
	GlobalSection(ExtensibilityGlobals) = postSolution
		SolutionGuid = {B0C9E2D6-D8F4-4106-A05E-9B2187468F5D}
	EndGlobalSection
EndGlobal
